// !$*UTF8*$!
{
	archiveVersion = 1;
	classes = {
	};
	objectVersion = 50;
	objects = {

/* Begin PBXBuildFile section */
		3D49033525332B960066395C /* ImageLoader.swift in Sources */ = {isa = PBXBuildFile; fileRef = 3D49033425332B960066395C /* ImageLoader.swift */; };
		3D5623472530E87E0081B4B8 /* AppDelegate.swift in Sources */ = {isa = PBXBuildFile; fileRef = 3D5623462530E87E0081B4B8 /* AppDelegate.swift */; };
		3D5623492530E87E0081B4B8 /* SceneDelegate.swift in Sources */ = {isa = PBXBuildFile; fileRef = 3D5623482530E87E0081B4B8 /* SceneDelegate.swift */; };
		3D56234E2530E87E0081B4B8 /* Main.storyboard in Resources */ = {isa = PBXBuildFile; fileRef = 3D56234C2530E87E0081B4B8 /* Main.storyboard */; };
		3D5623502530E87F0081B4B8 /* Assets.xcassets in Resources */ = {isa = PBXBuildFile; fileRef = 3D56234F2530E87F0081B4B8 /* Assets.xcassets */; };
		3D5623532530E87F0081B4B8 /* LaunchScreen.storyboard in Resources */ = {isa = PBXBuildFile; fileRef = 3D5623512530E87F0081B4B8 /* LaunchScreen.storyboard */; };
		3D5623632530ECD00081B4B8 /* MovieManager.swift in Sources */ = {isa = PBXBuildFile; fileRef = 3D5623622530ECD00081B4B8 /* MovieManager.swift */; };
		3D5623662530EEF60081B4B8 /* Movie.swift in Sources */ = {isa = PBXBuildFile; fileRef = 3D5623652530EEF60081B4B8 /* Movie.swift */; };
		3D5623692530F11E0081B4B8 /* Constants.swift in Sources */ = {isa = PBXBuildFile; fileRef = 3D5623682530F11E0081B4B8 /* Constants.swift */; };
		3D56236B2530F1E20081B4B8 /* NetworkManager.swift in Sources */ = {isa = PBXBuildFile; fileRef = 3D56236A2530F1E20081B4B8 /* NetworkManager.swift */; };
		3D56236D2530F71B0081B4B8 /* MovieViewController.swift in Sources */ = {isa = PBXBuildFile; fileRef = 3D56236C2530F71B0081B4B8 /* MovieViewController.swift */; };
		3DFC69ED2533390900D82102 /* MovieTableViewCell.swift in Sources */ = {isa = PBXBuildFile; fileRef = 3DFC69EB2533390900D82102 /* MovieTableViewCell.swift */; };
		3DFC69EE2533390900D82102 /* MovieTableViewCell.xib in Resources */ = {isa = PBXBuildFile; fileRef = 3DFC69EC2533390900D82102 /* MovieTableViewCell.xib */; };
		3DFC69F025338FC000D82102 /* UserDefaultsExtensions.swift in Sources */ = {isa = PBXBuildFile; fileRef = 3DFC69EF25338FC000D82102 /* UserDefaultsExtensions.swift */; };
		3DFC69F225339E5900D82102 /* MovieDetailsViewController.swift in Sources */ = {isa = PBXBuildFile; fileRef = 3DFC69F125339E5900D82102 /* MovieDetailsViewController.swift */; };
/* End PBXBuildFile section */

/* Begin PBXFileReference section */
		3D49033425332B960066395C /* ImageLoader.swift */ = {isa = PBXFileReference; lastKnownFileType = sourcecode.swift; path = ImageLoader.swift; sourceTree = "<group>"; };
		3D5623432530E87E0081B4B8 /* FightClubTMDB.app */ = {isa = PBXFileReference; explicitFileType = wrapper.application; includeInIndex = 0; path = FightClubTMDB.app; sourceTree = BUILT_PRODUCTS_DIR; };
		3D5623462530E87E0081B4B8 /* AppDelegate.swift */ = {isa = PBXFileReference; lastKnownFileType = sourcecode.swift; path = AppDelegate.swift; sourceTree = "<group>"; };
		3D5623482530E87E0081B4B8 /* SceneDelegate.swift */ = {isa = PBXFileReference; lastKnownFileType = sourcecode.swift; path = SceneDelegate.swift; sourceTree = "<group>"; };
		3D56234D2530E87E0081B4B8 /* Base */ = {isa = PBXFileReference; lastKnownFileType = file.storyboard; name = Base; path = Base.lproj/Main.storyboard; sourceTree = "<group>"; };
		3D56234F2530E87F0081B4B8 /* Assets.xcassets */ = {isa = PBXFileReference; lastKnownFileType = folder.assetcatalog; path = Assets.xcassets; sourceTree = "<group>"; };
		3D5623522530E87F0081B4B8 /* Base */ = {isa = PBXFileReference; lastKnownFileType = file.storyboard; name = Base; path = Base.lproj/LaunchScreen.storyboard; sourceTree = "<group>"; };
		3D5623542530E87F0081B4B8 /* Info.plist */ = {isa = PBXFileReference; lastKnownFileType = text.plist.xml; path = Info.plist; sourceTree = "<group>"; };
		3D5623622530ECD00081B4B8 /* MovieManager.swift */ = {isa = PBXFileReference; lastKnownFileType = sourcecode.swift; path = MovieManager.swift; sourceTree = "<group>"; };
		3D5623652530EEF60081B4B8 /* Movie.swift */ = {isa = PBXFileReference; lastKnownFileType = sourcecode.swift; path = Movie.swift; sourceTree = "<group>"; };
		3D5623682530F11E0081B4B8 /* Constants.swift */ = {isa = PBXFileReference; lastKnownFileType = sourcecode.swift; path = Constants.swift; sourceTree = "<group>"; };
		3D56236A2530F1E20081B4B8 /* NetworkManager.swift */ = {isa = PBXFileReference; lastKnownFileType = sourcecode.swift; path = NetworkManager.swift; sourceTree = "<group>"; };
		3D56236C2530F71B0081B4B8 /* MovieViewController.swift */ = {isa = PBXFileReference; lastKnownFileType = sourcecode.swift; path = MovieViewController.swift; sourceTree = "<group>"; };
		3DFC69EB2533390900D82102 /* MovieTableViewCell.swift */ = {isa = PBXFileReference; lastKnownFileType = sourcecode.swift; path = MovieTableViewCell.swift; sourceTree = "<group>"; };
		3DFC69EC2533390900D82102 /* MovieTableViewCell.xib */ = {isa = PBXFileReference; lastKnownFileType = file.xib; path = MovieTableViewCell.xib; sourceTree = "<group>"; };
		3DFC69EF25338FC000D82102 /* UserDefaultsExtensions.swift */ = {isa = PBXFileReference; lastKnownFileType = sourcecode.swift; path = UserDefaultsExtensions.swift; sourceTree = "<group>"; };
		3DFC69F125339E5900D82102 /* MovieDetailsViewController.swift */ = {isa = PBXFileReference; lastKnownFileType = sourcecode.swift; path = MovieDetailsViewController.swift; sourceTree = "<group>"; };
/* End PBXFileReference section */

/* Begin PBXFrameworksBuildPhase section */
		3D5623402530E87E0081B4B8 /* Frameworks */ = {
			isa = PBXFrameworksBuildPhase;
			buildActionMask = 2147483647;
			files = (
			);
			runOnlyForDeploymentPostprocessing = 0;
		};
/* End PBXFrameworksBuildPhase section */

/* Begin PBXGroup section */
		3D56233A2530E87E0081B4B8 = {
			isa = PBXGroup;
			children = (
				3D5623452530E87E0081B4B8 /* FightClubTMDB */,
				3D5623442530E87E0081B4B8 /* Products */,
			);
			sourceTree = "<group>";
		};
		3D5623442530E87E0081B4B8 /* Products */ = {
			isa = PBXGroup;
			children = (
				3D5623432530E87E0081B4B8 /* FightClubTMDB.app */,
			);
			name = Products;
			sourceTree = "<group>";
		};
		3D5623452530E87E0081B4B8 /* FightClubTMDB */ = {
			isa = PBXGroup;
			children = (
				3D5623642530EEE90081B4B8 /* Models */,
				3D5623612530ECC30081B4B8 /* Managers */,
				3D56235E2530E9480081B4B8 /* Resources */,
				3D56235C2530E9140081B4B8 /* ViewControllers */,
				3D56235B2530E90E0081B4B8 /* Views */,
				3D5623672530F10E0081B4B8 /* Extra */,
				3D56235A2530E9050081B4B8 /* AppDelegate */,
				3D5623542530E87F0081B4B8 /* Info.plist */,
			);
			path = FightClubTMDB;
			sourceTree = "<group>";
		};
		3D56235A2530E9050081B4B8 /* AppDelegate */ = {
			isa = PBXGroup;
			children = (
				3D5623462530E87E0081B4B8 /* AppDelegate.swift */,
				3D5623482530E87E0081B4B8 /* SceneDelegate.swift */,
			);
			path = AppDelegate;
			sourceTree = "<group>";
		};
		3D56235B2530E90E0081B4B8 /* Views */ = {
			isa = PBXGroup;
			children = (
				3DA2F7B72532483500D9DD10 /* Cells */,
				3D56235D2530E9280081B4B8 /* Storyboards */,
			);
			path = Views;
			sourceTree = "<group>";
		};
		3D56235C2530E9140081B4B8 /* ViewControllers */ = {
			isa = PBXGroup;
			children = (
				3D56236C2530F71B0081B4B8 /* MovieViewController.swift */,
				3DFC69F125339E5900D82102 /* MovieDetailsViewController.swift */,
			);
			path = ViewControllers;
			sourceTree = "<group>";
		};
		3D56235D2530E9280081B4B8 /* Storyboards */ = {
			isa = PBXGroup;
			children = (
				3D56234C2530E87E0081B4B8 /* Main.storyboard */,
				3D5623512530E87F0081B4B8 /* LaunchScreen.storyboard */,
			);
			path = Storyboards;
			sourceTree = "<group>";
		};
		3D56235E2530E9480081B4B8 /* Resources */ = {
			isa = PBXGroup;
			children = (
				3D56234F2530E87F0081B4B8 /* Assets.xcassets */,
			);
			path = Resources;
			sourceTree = "<group>";
		};
		3D5623612530ECC30081B4B8 /* Managers */ = {
			isa = PBXGroup;
			children = (
				3D5623622530ECD00081B4B8 /* MovieManager.swift */,
				3D56236A2530F1E20081B4B8 /* NetworkManager.swift */,
			);
			path = Managers;
			sourceTree = "<group>";
		};
		3D5623642530EEE90081B4B8 /* Models */ = {
			isa = PBXGroup;
			children = (
				3D5623652530EEF60081B4B8 /* Movie.swift */,
			);
			path = Models;
			sourceTree = "<group>";
		};
		3D5623672530F10E0081B4B8 /* Extra */ = {
			isa = PBXGroup;
			children = (
				3D5623682530F11E0081B4B8 /* Constants.swift */,
				3D49033425332B960066395C /* ImageLoader.swift */,
				3DFC69EF25338FC000D82102 /* UserDefaultsExtensions.swift */,
			);
			path = Extra;
			sourceTree = "<group>";
		};
		3DA2F7B72532483500D9DD10 /* Cells */ = {
			isa = PBXGroup;
			children = (
				3DFC69EB2533390900D82102 /* MovieTableViewCell.swift */,
				3DFC69EC2533390900D82102 /* MovieTableViewCell.xib */,
			);
			path = Cells;
			sourceTree = "<group>";
		};
/* End PBXGroup section */

/* Begin PBXNativeTarget section */
		3D5623422530E87E0081B4B8 /* FightClubTMDB */ = {
			isa = PBXNativeTarget;
			buildConfigurationList = 3D5623572530E87F0081B4B8 /* Build configuration list for PBXNativeTarget "FightClubTMDB" */;
			buildPhases = (
				3D56233F2530E87E0081B4B8 /* Sources */,
				3D5623402530E87E0081B4B8 /* Frameworks */,
				3D5623412530E87E0081B4B8 /* Resources */,
			);
			buildRules = (
			);
			dependencies = (
			);
			name = FightClubTMDB;
			productName = FightClubTMDB;
			productReference = 3D5623432530E87E0081B4B8 /* FightClubTMDB.app */;
			productType = "com.apple.product-type.application";
		};
/* End PBXNativeTarget section */

/* Begin PBXProject section */
		3D56233B2530E87E0081B4B8 /* Project object */ = {
			isa = PBXProject;
			attributes = {
				LastSwiftUpdateCheck = 1150;
				LastUpgradeCheck = 1150;
				ORGANIZATIONNAME = shaunak;
				TargetAttributes = {
					3D5623422530E87E0081B4B8 = {
						CreatedOnToolsVersion = 11.5;
					};
				};
			};
			buildConfigurationList = 3D56233E2530E87E0081B4B8 /* Build configuration list for PBXProject "FightClubTMDB" */;
			compatibilityVersion = "Xcode 9.3";
			developmentRegion = en;
			hasScannedForEncodings = 0;
			knownRegions = (
				en,
				Base,
			);
			mainGroup = 3D56233A2530E87E0081B4B8;
			productRefGroup = 3D5623442530E87E0081B4B8 /* Products */;
			projectDirPath = "";
			projectRoot = "";
			targets = (
				3D5623422530E87E0081B4B8 /* FightClubTMDB */,
			);
		};
/* End PBXProject section */

/* Begin PBXResourcesBuildPhase section */
		3D5623412530E87E0081B4B8 /* Resources */ = {
			isa = PBXResourcesBuildPhase;
			buildActionMask = 2147483647;
			files = (
				3D5623532530E87F0081B4B8 /* LaunchScreen.storyboard in Resources */,
				3DFC69EE2533390900D82102 /* MovieTableViewCell.xib in Resources */,
				3D5623502530E87F0081B4B8 /* Assets.xcassets in Resources */,
				3D56234E2530E87E0081B4B8 /* Main.storyboard in Resources */,
			);
			runOnlyForDeploymentPostprocessing = 0;
		};
/* End PBXResourcesBuildPhase section */

/* Begin PBXSourcesBuildPhase section */
		3D56233F2530E87E0081B4B8 /* Sources */ = {
			isa = PBXSourcesBuildPhase;
			buildActionMask = 2147483647;
			files = (
				3DFC69ED2533390900D82102 /* MovieTableViewCell.swift in Sources */,
				3D5623632530ECD00081B4B8 /* MovieManager.swift in Sources */,
				3DFC69F025338FC000D82102 /* UserDefaultsExtensions.swift in Sources */,
				3D5623472530E87E0081B4B8 /* AppDelegate.swift in Sources */,
				3D56236D2530F71B0081B4B8 /* MovieViewController.swift in Sources */,
				3DFC69F225339E5900D82102 /* MovieDetailsViewController.swift in Sources */,
				3D56236B2530F1E20081B4B8 /* NetworkManager.swift in Sources */,
				3D49033525332B960066395C /* ImageLoader.swift in Sources */,
				3D5623492530E87E0081B4B8 /* SceneDelegate.swift in Sources */,
				3D5623662530EEF60081B4B8 /* Movie.swift in Sources */,
				3D5623692530F11E0081B4B8 /* Constants.swift in Sources */,
			);
			runOnlyForDeploymentPostprocessing = 0;
		};
/* End PBXSourcesBuildPhase section */

/* Begin PBXVariantGroup section */
		3D56234C2530E87E0081B4B8 /* Main.storyboard */ = {
			isa = PBXVariantGroup;
			children = (
				3D56234D2530E87E0081B4B8 /* Base */,
			);
			name = Main.storyboard;
			sourceTree = "<group>";
		};
		3D5623512530E87F0081B4B8 /* LaunchScreen.storyboard */ = {
			isa = PBXVariantGroup;
			children = (
				3D5623522530E87F0081B4B8 /* Base */,
			);
			name = LaunchScreen.storyboard;
			sourceTree = "<group>";
		};
/* End PBXVariantGroup section */

/* Begin XCBuildConfiguration section */
		3D5623552530E87F0081B4B8 /* Debug */ = {
			isa = XCBuildConfiguration;
			buildSettings = {
				ALWAYS_SEARCH_USER_PATHS = NO;
				CLANG_ANALYZER_NONNULL = YES;
				CLANG_ANALYZER_NUMBER_OBJECT_CONVERSION = YES_AGGRESSIVE;
				CLANG_CXX_LANGUAGE_STANDARD = "gnu++14";
				CLANG_CXX_LIBRARY = "libc++";
				CLANG_ENABLE_MODULES = YES;
				CLANG_ENABLE_OBJC_ARC = YES;
				CLANG_ENABLE_OBJC_WEAK = YES;
				CLANG_WARN_BLOCK_CAPTURE_AUTORELEASING = YES;
				CLANG_WARN_BOOL_CONVERSION = YES;
				CLANG_WARN_COMMA = YES;
				CLANG_WARN_CONSTANT_CONVERSION = YES;
				CLANG_WARN_DEPRECATED_OBJC_IMPLEMENTATIONS = YES;
				CLANG_WARN_DIRECT_OBJC_ISA_USAGE = YES_ERROR;
				CLANG_WARN_DOCUMENTATION_COMMENTS = YES;
				CLANG_WARN_EMPTY_BODY = YES;
				CLANG_WARN_ENUM_CONVERSION = YES;
				CLANG_WARN_INFINITE_RECURSION = YES;
				CLANG_WARN_INT_CONVERSION = YES;
				CLANG_WARN_NON_LITERAL_NULL_CONVERSION = YES;
				CLANG_WARN_OBJC_IMPLICIT_RETAIN_SELF = YES;
				CLANG_WARN_OBJC_LITERAL_CONVERSION = YES;
				CLANG_WARN_OBJC_ROOT_CLASS = YES_ERROR;
				CLANG_WARN_RANGE_LOOP_ANALYSIS = YES;
				CLANG_WARN_STRICT_PROTOTYPES = YES;
				CLANG_WARN_SUSPICIOUS_MOVE = YES;
				CLANG_WARN_UNGUARDED_AVAILABILITY = YES_AGGRESSIVE;
				CLANG_WARN_UNREACHABLE_CODE = YES;
				CLANG_WARN__DUPLICATE_METHOD_MATCH = YES;
				COPY_PHASE_STRIP = NO;
				DEBUG_INFORMATION_FORMAT = dwarf;
				ENABLE_STRICT_OBJC_MSGSEND = YES;
				ENABLE_TESTABILITY = YES;
				GCC_C_LANGUAGE_STANDARD = gnu11;
				GCC_DYNAMIC_NO_PIC = NO;
				GCC_NO_COMMON_BLOCKS = YES;
				GCC_OPTIMIZATION_LEVEL = 0;
				GCC_PREPROCESSOR_DEFINITIONS = (
					"DEBUG=1",
					"$(inherited)",
				);
				GCC_WARN_64_TO_32_BIT_CONVERSION = YES;
				GCC_WARN_ABOUT_RETURN_TYPE = YES_ERROR;
				GCC_WARN_UNDECLARED_SELECTOR = YES;
				GCC_WARN_UNINITIALIZED_AUTOS = YES_AGGRESSIVE;
				GCC_WARN_UNUSED_FUNCTION = YES;
				GCC_WARN_UNUSED_VARIABLE = YES;
				IPHONEOS_DEPLOYMENT_TARGET = 13.5;
				MTL_ENABLE_DEBUG_INFO = INCLUDE_SOURCE;
				MTL_FAST_MATH = YES;
				ONLY_ACTIVE_ARCH = YES;
				SDKROOT = iphoneos;
				SWIFT_ACTIVE_COMPILATION_CONDITIONS = DEBUG;
				SWIFT_OPTIMIZATION_LEVEL = "-Onone";
			};
			name = Debug;
		};
		3D5623562530E87F0081B4B8 /* Release */ = {
			isa = XCBuildConfiguration;
			buildSettings = {
				ALWAYS_SEARCH_USER_PATHS = NO;
				CLANG_ANALYZER_NONNULL = YES;
				CLANG_ANALYZER_NUMBER_OBJECT_CONVERSION = YES_AGGRESSIVE;
				CLANG_CXX_LANGUAGE_STANDARD = "gnu++14";
				CLANG_CXX_LIBRARY = "libc++";
				CLANG_ENABLE_MODULES = YES;
				CLANG_ENABLE_OBJC_ARC = YES;
				CLANG_ENABLE_OBJC_WEAK = YES;
				CLANG_WARN_BLOCK_CAPTURE_AUTORELEASING = YES;
				CLANG_WARN_BOOL_CONVERSION = YES;
				CLANG_WARN_COMMA = YES;
				CLANG_WARN_CONSTANT_CONVERSION = YES;
				CLANG_WARN_DEPRECATED_OBJC_IMPLEMENTATIONS = YES;
				CLANG_WARN_DIRECT_OBJC_ISA_USAGE = YES_ERROR;
				CLANG_WARN_DOCUMENTATION_COMMENTS = YES;
				CLANG_WARN_EMPTY_BODY = YES;
				CLANG_WARN_ENUM_CONVERSION = YES;
				CLANG_WARN_INFINITE_RECURSION = YES;
				CLANG_WARN_INT_CONVERSION = YES;
				CLANG_WARN_NON_LITERAL_NULL_CONVERSION = YES;
				CLANG_WARN_OBJC_IMPLICIT_RETAIN_SELF = YES;
				CLANG_WARN_OBJC_LITERAL_CONVERSION = YES;
				CLANG_WARN_OBJC_ROOT_CLASS = YES_ERROR;
				CLANG_WARN_RANGE_LOOP_ANALYSIS = YES;
				CLANG_WARN_STRICT_PROTOTYPES = YES;
				CLANG_WARN_SUSPICIOUS_MOVE = YES;
				CLANG_WARN_UNGUARDED_AVAILABILITY = YES_AGGRESSIVE;
				CLANG_WARN_UNREACHABLE_CODE = YES;
				CLANG_WARN__DUPLICATE_METHOD_MATCH = YES;
				COPY_PHASE_STRIP = NO;
				DEBUG_INFORMATION_FORMAT = "dwarf-with-dsym";
				ENABLE_NS_ASSERTIONS = NO;
				ENABLE_STRICT_OBJC_MSGSEND = YES;
				GCC_C_LANGUAGE_STANDARD = gnu11;
				GCC_NO_COMMON_BLOCKS = YES;
				GCC_WARN_64_TO_32_BIT_CONVERSION = YES;
				GCC_WARN_ABOUT_RETURN_TYPE = YES_ERROR;
				GCC_WARN_UNDECLARED_SELECTOR = YES;
				GCC_WARN_UNINITIALIZED_AUTOS = YES_AGGRESSIVE;
				GCC_WARN_UNUSED_FUNCTION = YES;
				GCC_WARN_UNUSED_VARIABLE = YES;
				IPHONEOS_DEPLOYMENT_TARGET = 13.5;
				MTL_ENABLE_DEBUG_INFO = NO;
				MTL_FAST_MATH = YES;
				SDKROOT = iphoneos;
				SWIFT_COMPILATION_MODE = wholemodule;
				SWIFT_OPTIMIZATION_LEVEL = "-O";
				VALIDATE_PRODUCT = YES;
			};
			name = Release;
		};
		3D5623582530E87F0081B4B8 /* Debug */ = {
			isa = XCBuildConfiguration;
			buildSettings = {
				ASSETCATALOG_COMPILER_APPICON_NAME = AppIcon;
				CODE_SIGN_STYLE = Automatic;
				DEVELOPMENT_TEAM = 7ZB59M2X76;
				INFOPLIST_FILE = FightClubTMDB/Info.plist;
				LD_RUNPATH_SEARCH_PATHS = (
					"$(inherited)",
					"@executable_path/Frameworks",
				);
				PRODUCT_BUNDLE_IDENTIFIER = com.club.fight.app;
				PRODUCT_NAME = "$(TARGET_NAME)";
				SWIFT_VERSION = 5.0;
				TARGETED_DEVICE_FAMILY = "1,2";
			};
			name = Debug;
		};
		3D5623592530E87F0081B4B8 /* Release */ = {
			isa = XCBuildConfiguration;
			buildSettings = {
				ASSETCATALOG_COMPILER_APPICON_NAME = AppIcon;
				CODE_SIGN_STYLE = Automatic;
				DEVELOPMENT_TEAM = 7ZB59M2X76;
				INFOPLIST_FILE = FightClubTMDB/Info.plist;
				LD_RUNPATH_SEARCH_PATHS = (
					"$(inherited)",
					"@executable_path/Frameworks",
				);
				PRODUCT_BUNDLE_IDENTIFIER = com.club.fight.app;
				PRODUCT_NAME = "$(TARGET_NAME)";
				SWIFT_VERSION = 5.0;
				TARGETED_DEVICE_FAMILY = "1,2";
			};
			name = Release;
		};
/* End XCBuildConfiguration section */

/* Begin XCConfigurationList section */
		3D56233E2530E87E0081B4B8 /* Build configuration list for PBXProject "FightClubTMDB" */ = {
			isa = XCConfigurationList;
			buildConfigurations = (
				3D5623552530E87F0081B4B8 /* Debug */,
				3D5623562530E87F0081B4B8 /* Release */,
			);
			defaultConfigurationIsVisible = 0;
			defaultConfigurationName = Release;
		};
		3D5623572530E87F0081B4B8 /* Build configuration list for PBXNativeTarget "FightClubTMDB" */ = {
			isa = XCConfigurationList;
			buildConfigurations = (
				3D5623582530E87F0081B4B8 /* Debug */,
				3D5623592530E87F0081B4B8 /* Release */,
			);
			defaultConfigurationIsVisible = 0;
			defaultConfigurationName = Release;
		};
/* End XCConfigurationList section */
	};
	rootObject = 3D56233B2530E87E0081B4B8 /* Project object */;
}
